
Microsoft Visual Studio Solution File, Format Version 12.00
# Visual Studio 15
VisualStudioVersion = 15.0.26430.16
MinimumVisualStudioVersion = 10.0.40219.1
Project("{2150E333-8FDC-42A3-9474-1A3956D46DE8}") = "Clios", "Clios", "{B721CAB3-0454-48C4-98C2-4352ED520E45}"
EndProject
Project("{9A19103F-16F7-4668-BE54-9A1E7A4F7556}") = "Clios", "Clios\Clios.csproj", "{24C726C2-5D45-48CF-8D71-9EF3970B00DD}"
EndProject
Project("{471EC4BB-E47E-4229-A789-D1F5F83B52D4}") = "CliosBoot", "Clios\CliosBoot.Cosmos", "{BCD37B29-882D-4F59-AF68-C0328C265995}"
EndProject
Global
	GlobalSection(SolutionConfigurationPlatforms) = preSolution
		Debug|Any CPU = Debug|Any CPU
		Release|Any CPU = Release|Any CPU
	EndGlobalSection
	GlobalSection(ProjectConfigurationPlatforms) = postSolution
		{24C726C2-5D45-48CF-8D71-9EF3970B00DD}.Debug|Any CPU.ActiveCfg = Debug|Any CPU
		{24C726C2-5D45-48CF-8D71-9EF3970B00DD}.Debug|Any CPU.Build.0 = Debug|Any CPU
		{24C726C2-5D45-48CF-8D71-9EF3970B00DD}.Release|Any CPU.ActiveCfg = Release|Any CPU
		{24C726C2-5D45-48CF-8D71-9EF3970B00DD}.Release|Any CPU.Build.0 = Release|Any CPU
		{BCD37B29-882D-4F59-AF68-C0328C265995}.Debug|Any CPU.ActiveCfg = Debug|Any CPU
		{BCD37B29-882D-4F59-AF68-C0328C265995}.Debug|Any CPU.Build.0 = Debug|Any CPU
		{BCD37B29-882D-4F59-AF68-C0328C265995}.Release|Any CPU.ActiveCfg = Release|Any CPU
		{BCD37B29-882D-4F59-AF68-C0328C265995}.Release|Any CPU.Build.0 = Release|Any CPU
	EndGlobalSection
	GlobalSection(SolutionProperties) = preSolution
		HideSolutionNode = FALSE
	EndGlobalSection
	GlobalSection(NestedProjects) = preSolution
		{24C726C2-5D45-48CF-8D71-9EF3970B00DD} = {B721CAB3-0454-48C4-98C2-4352ED520E45}
		{BCD37B29-882D-4F59-AF68-C0328C265995} = {B721CAB3-0454-48C4-98C2-4352ED520E45}
	EndGlobalSection
EndGlobal
